
Microsoft Visual Studio Solution File, Format Version 12.00
# Visual Studio Version 16
VisualStudioVersion = 16.0.29920.165
MinimumVisualStudioVersion = 10.0.40219.1
Project("{FAE04EC0-301F-11D3-BF4B-00C04F79EFBC}") = "ProductionMaster", "ProductionMaster\ProductionMaster.csproj", "{858D1E82-5E6A-4B9B-AE8D-BF2B44CE1F7C}"
EndProject
Global
	GlobalSection(SolutionConfigurationPlatforms) = preSolution
		Debug|Any CPU = Debug|Any CPU
		Release|Any CPU = Release|Any CPU
	EndGlobalSection
	GlobalSection(ProjectConfigurationPlatforms) = postSolution
		{858D1E82-5E6A-4B9B-AE8D-BF2B44CE1F7C}.Debug|Any CPU.ActiveCfg = Debug|Any CPU
		{858D1E82-5E6A-4B9B-AE8D-BF2B44CE1F7C}.Debug|Any CPU.Build.0 = Debug|Any CPU
		{858D1E82-5E6A-4B9B-AE8D-BF2B44CE1F7C}.Release|Any CPU.ActiveCfg = Release|Any CPU
		{858D1E82-5E6A-4B9B-AE8D-BF2B44CE1F7C}.Release|Any CPU.Build.0 = Release|Any CPU
	EndGlobalSection
	GlobalSection(SolutionProperties) = preSolution
		HideSolutionNode = FALSE
	EndGlobalSection
	GlobalSection(ExtensibilityGlobals) = postSolution
		SolutionGuid = {1AE9A69F-9001-4459-B484-A542F3F0D618}
	EndGlobalSection
EndGlobal
