
Microsoft Visual Studio Solution File, Format Version 12.00
# Visual Studio 15
VisualStudioVersion = 15.0.27428.2043
MinimumVisualStudioVersion = 10.0.40219.1
Project("{FAE04EC0-301F-11D3-BF4B-00C04F79EFBC}") = "RadanMaster", "RadanMaster\RadanMaster.csproj", "{3FF0E81B-9A2B-444F-B993-D9BA54CB976F}"
EndProject
Global
	GlobalSection(SolutionConfigurationPlatforms) = preSolution
		Debug|Any CPU = Debug|Any CPU
		Release|Any CPU = Release|Any CPU
	EndGlobalSection
	GlobalSection(ProjectConfigurationPlatforms) = postSolution
		{3FF0E81B-9A2B-444F-B993-D9BA54CB976F}.Debug|Any CPU.ActiveCfg = Debug|Any CPU
		{3FF0E81B-9A2B-444F-B993-D9BA54CB976F}.Debug|Any CPU.Build.0 = Debug|Any CPU
		{3FF0E81B-9A2B-444F-B993-D9BA54CB976F}.Release|Any CPU.ActiveCfg = Release|Any CPU
		{3FF0E81B-9A2B-444F-B993-D9BA54CB976F}.Release|Any CPU.Build.0 = Release|Any CPU
	EndGlobalSection
	GlobalSection(SolutionProperties) = preSolution
		HideSolutionNode = FALSE
	EndGlobalSection
	GlobalSection(ExtensibilityGlobals) = postSolution
		SolutionGuid = {C6A18719-6C15-4867-A630-94A4EB6CB84C}
	EndGlobalSection
EndGlobal
